github.com/asticode/go-astikit v0.20.0/go.mod h1:h4ly7idim1tNhaVkdVBeXQZEE3L0xblP7fCWbgwipF0=
github.com/asticode/go-astikit v0.30.0/go.mod h1:h4ly7idim1tNhaVkdVBeXQZEE3L0xblP7fCWbgwipF0=
github.com/asticode/go-astikit v0.57.1 h1:fEykwH98Nny08kcRbk4uer+S8h0rKveCIpG9F6NVLuA=
github.com/asticode/go-astikit v0.57.1/go.mod h1:fV43j20UZYfXzP9oBn33udkvCvDvCDhzjVqoLFuuYZE=
github.com/asticode/go-astisub v0.38.0 h1:Qh3IO8Cotn0wwok5maid7xqsIJTwn2DtABT1UajKJaI=
github.com/asticode/go-astisub v0.38.0/go.mod h1:WTkuSzFB+Bp7wezuSf2Oxulj5A8zu2zLRVFf6bIFQK8=
github.com/asticode/go-astits v1.8.0/go.mod h1:DkOWmBNQpnr9mv24KfZjq4JawCFX1FCqjLVGvO0DygQ=
github.com/asticode/go-astits v1.14.0 h1:zkgnZzipx2XX5mWycqsSBeEyDH58+i4HtyF4j2ROb00=
github.com/asticode/go-astits v1.14.0/go.mod h1:QSHmknZ51pf6KJdHKZHJTLlMegIrhega3LPWz3ND/iI=
github.com/cpuguy83/go-md2man/v2 v2.0.6/go.mod h1:oOW0eioCTA6cOiMLiUPZOpcVxMig6NIQQ7OS05n1F4g=
github.com/creack/pty v1.1.9/go.mod h1:oKZEueFk5CKHvIhNR5MUki03XCEU+Q6VDXinZuGJ33E=
github.com/davecgh/go-spew v1.1.0 h1:ZDRjVQ15GmhC3fiQ8ni8+OwkZQO4DARzQgrnXU1Liz8=
github.com/davecgh/go-spew v1.1.0/go.mod h1:J7Y8YcW2NihsgmVo/mv3lAwl/skON4iLHjSsI+c5H38=
github.com/gocarina/gocsv v0.0.0-20240520201108-78e41c74b4b1 h1:FWNFq4fM1wPfcK40yHE5UO3RUdSNPaBC+j3PokzA6OQ=
github.com/gocarina/gocsv v0.0.0-20240520201108-78e41c74b4b1/go.mod h1:5YoVOkjYAQumqlV356Hj3xeYh4BdZuLE0/nRkf2NKkI=
github.com/inconshreveable/mousetrap v1.1.0 h1:wN+x4NVGpMsO7ErUn/mUI3vEoE6Jt13X2s0bqwp9tc8=
github.com/inconshreveable/mousetrap v1.1.0/go.mod h1:vpF70FUmC8bwa3OWnCshd2FqLfsEA9PFc4w1p2J65bw=
github.com/joho/godotenv v1.5.1 h1:7eLL/+HRGLY0ldzfGMeQkb7vMd0as4CfYvUVzLqw0N0=
github.com/joho/godotenv v1.5.1/go.mod h1:f4LDr5Voq0i2e/R5DDNOoa2zzDfwtkZa6DnEwAbqwq4=
github.com/kr/pretty v0.3.1 h1:flRD4NNwYAUpkphVc1HcthR4KEIFJ65n8Mw5qdRn3LE=
github.com/kr/pretty v0.3.1/go.mod h1:hoEshYVHaxMs3cyo3Yncou5ZscifuDolrwPKZanG3xk=
github.com/kr/text v0.2.0 h1:5Nx0Ya0ZqY2ygV366QzturHI13Jq95ApcVaJBhpS+AY=
github.com/kr/text v0.2.0/go.mod h1:eLer722TekiGuMkidMxC/pM04lWEeraHUUmBw8l2grE=
github.com/pkg/profile v1.4.0/go.mod h1:NWz/XGvpEW1FyYQ7fCx4dqYBLlfTcE+A9FLAkNKqjFE=
github.com/pmezard/go-difflib v1.0.0 h1:4DBwDE0NGyQoBHbLQYPwSUPoCMWR5BEzIk/f1lZbAQM=
github.com/pmezard/go-difflib v1.0.0/go.mod h1:iKH77koFhYxTK1pcRnkKkqfTogsbg7gZNVY4sRDYZ/4=
github.com/rogpeppe/go-internal v1.13.1 h1:KvO1DLK/DRN07sQ1LQKScxyZJuNnedQ5/wKSR38lUII=
github.com/rogpeppe/go-internal v1.13.1/go.mod h1:uMEvuHeurkdAXX61udpOXGD/AzZDWNMNyH2VO9fmH0o=
github.com/russross/blackfriday/v2 v2.1.0/go.mod h1:+Rmxgy9KzJVeS9/2gXHxylqXiyQDYRxCVz55jmeOWTM=
github.com/sashabaranov/go-openai v1.41.2 h1:vfPRBZNMpnqu8ELsclWcAvF19lDNgh1t6TVfFFOPiSM=
github.com/sashabaranov/go-openai v1.41.2/go.mod h1:lj5b/K+zjTSFxVLijLSTDZuP7adOgerWeFyZLUhAKRg=
github.com/smilingpoplar/translate v0.0.0-20251222001458-1dce8583b1f7 h1:s6V5bnMN7xgkhGq5YiLT0aLW69rtLyXNFwRywAGdfZM=
github.com/smilingpoplar/translate v0.0.0-20251222001458-1dce8583b1f7/go.mod h1:siXxSdFVH3x2ujW4J2HpxtQ5/SJ5kvW1VLiSdR+j680=
github.com/smilingpoplar/translate v0.0.0-20251222004238-2c762ad76f3f h1:xv3wKxjVlk3DPCDlC2cSVPcQXhKgpSIzn57X0c8yMXY=
github.com/smilingpoplar/translate v0.0.0-20251222004238-2c762ad76f3f/go.mod h1:siXxSdFVH3x2ujW4J2HpxtQ5/SJ5kvW1VLiSdR+j680=
github.com/smilingpoplar/translate v0.0.0-20251222020208-afbd261d432a h1:3TrFiezb8HuUHWjcgvVx7SlIh1/y16VhG167HeV9MOw=
github.com/smilingpoplar/translate v0.0.0-20251222020208-afbd261d432a/go.mod h1:siXxSdFVH3x2ujW4J2HpxtQ5/SJ5kvW1VLiSdR+j680=
github.com/smilingpoplar/translate v0.0.0-20251222025955-37e669a14c89 h1:Fbv+EIwSEdVTelx4L5aMJYCXSqXNBZBzhhiqXBD9Wqs=
github.com/smilingpoplar/translate v0.0.0-20251222025955-37e669a14c89/go.mod h1:siXxSdFVH3x2ujW4J2HpxtQ5/SJ5kvW1VLiSdR+j680=
github.com/smilingpoplar/translate v0.0.0-20251222030313-7dd8a656d304 h1:BnBOYdwacltY1gqCRxiv/23hT8FQX4ik5dRgu0db8cw=
github.com/smilingpoplar/translate v0.0.0-20251222030313-7dd8a656d304/go.mod h1:siXxSdFVH3x2ujW4J2HpxtQ5/SJ5kvW1VLiSdR+j680=
github.com/smilingpoplar/translate v0.0.0-20251222040032-78898cd2381e h1:3CYAtCw47SWhO6LYnMcd5RwSMTs+g9O4acVtIaHm+Vw=
github.com/smilingpoplar/translate v0.0.0-20251222040032-78898cd2381e/go.mod h1:siXxSdFVH3x2ujW4J2HpxtQ5/SJ5kvW1VLiSdR+j680=
github.com/smilingpoplar/translate v0.0.0-20251222041816-677330783d75 h1:HHY60bTWrPJMsok9p1JmDwUR0ZLjF5dNp5TXmT6JkCI=
github.com/smilingpoplar/translate v0.0.0-20251222041816-677330783d75/go.mod h1:siXxSdFVH3x2ujW4J2HpxtQ5/SJ5kvW1VLiSdR+j680=
github.com/smilingpoplar/translate v0.0.0-20251222044146-1930be75c332 h1:93zzhGetkR0xGoFhlOxqu/Fu6mm8W3XMrLlnouapF2E=
github.com/smilingpoplar/translate v0.0.0-20251222044146-1930be75c332/go.mod h1:O0RJnC/KfPtCavxKUvBURjaLnUf7gF6DsblGh1qUgyE=
github.com/smilingpoplar/translate v0.0.0-20251222053428-a997bcc183b8 h1:MO6+yI1gZh6po3xPKsgkXmboUKtUxPKJ85dT5nA+mhE=
github.com/smilingpoplar/translate v0.0.0-20251222053428-a997bcc183b8/go.mod h1:O0RJnC/KfPtCavxKUvBURjaLnUf7gF6DsblGh1qUgyE=
github.com/smilingpoplar/translate v0.0.0-20251222054509-e18f69e55adb h1:QfL70MiNPbGzQ4r59eykjlu9TIRiK2aRe6R9pLgySVI=
github.com/smilingpoplar/translate v0.0.0-20251222054509-e18f69e55adb/go.mod h1:siXxSdFVH3x2ujW4J2HpxtQ5/SJ5kvW1VLiSdR+j680=
github.com/smilingpoplar/translate v0.0.0-20251222081843-c48f8b58ba95 h1:6sPRbg6n9VJXOvr8fz9K0gK1fOiA4MuzhGqMuwxEOeE=
github.com/smilingpoplar/translate v0.0.0-20251222081843-c48f8b58ba95/go.mod h1:siXxSdFVH3x2ujW4J2HpxtQ5/SJ5kvW1VLiSdR+j680=
github.com/smilingpoplar/translate v0.0.0-20251222083330-46e0304c4ce0 h1:C99IOqU0mi/7dOa1rlj5+/5ewAK0kUM465TvQKSmBIk=
github.com/smilingpoplar/translate v0.0.0-20251222083330-46e0304c4ce0/go.mod h1:siXxSdFVH3x2ujW4J2HpxtQ5/SJ5kvW1VLiSdR+j680=
github.com/smilingpoplar/translate v0.0.0-20251222085502-edf2c0f5bca2 h1:089qrSPuwapFl/4Ri1riGq71PmmrkPnhJVTIZov81U8=
github.com/smilingpoplar/translate v0.0.0-20251222085502-edf2c0f5bca2/go.mod h1:siXxSdFVH3x2ujW4J2HpxtQ5/SJ5kvW1VLiSdR+j680=
github.com/smilingpoplar/translate v0.0.0-20251222085957-ae1b81e7bbba h1:XbBeNTXI3rqMH1Z2gWtvJBwhJpF7GxqLe6M4AQOp1Is=
github.com/smilingpoplar/translate v0.0.0-20251222085957-ae1b81e7bbba/go.mod h1:siXxSdFVH3x2ujW4J2HpxtQ5/SJ5kvW1VLiSdR+j680=
github.com/smilingpoplar/translate v0.0.0-20251222092556-97fdd9b8f2f2 h1:WSsC6sbA46GT5N7kCpB7IVoVyBP/mgp/6KrX8BYsiv8=
github.com/smilingpoplar/translate v0.0.0-20251222092556-97fdd9b8f2f2/go.mod h1:siXxSdFVH3x2ujW4J2HpxtQ5/SJ5kvW1VLiSdR+j680=
github.com/smilingpoplar/translate v0.0.0-20251222094838-b7e2c0336fd3 h1:LY88WRA0jeHAZZoUa7Dp4e8ccQA1VqmUlYy75omHdqM=
github.com/smilingpoplar/translate v0.0.0-20251222094838-b7e2c0336fd3/go.mod h1:siXxSdFVH3x2ujW4J2HpxtQ5/SJ5kvW1VLiSdR+j680=
github.com/spf13/cobra v1.10.1 h1:lJeBwCfmrnXthfAupyUTzJ/J4Nc1RsHC/mSRU2dll/s=
github.com/spf13/cobra v1.10.1/go.mod h1:7SmJGaTHFVBY0jW4NXGluQoLvhqFQM+6XSKD+P4XaB0=
github.com/spf13/pflag v1.0.9/go.mod h1:McXfInJRrz4CZXVZOBLb0bTZqETkiAhM9Iw0y3An2Bg=
github.com/spf13/pflag v1.0.10 h1:4EBh2KAYBwaONj6b2Ye1GiHfwjqyROoF4RwYO+vPwFk=
github.com/spf13/pflag v1.0.10/go.mod h1:McXfInJRrz4CZXVZOBLb0bTZqETkiAhM9Iw0y3An2Bg=
github.com/stretchr/objx v0.1.0/go.mod h1:HFkY916IF+rwdDfMAkV7OtwuqBVzrE8GR6GFx+wExME=
github.com/stretchr/testify v1.4.0 h1:2E4SXV/wtOkTonXsotYi4li6zVWxYlZuYNCXe9XRJyk=
github.com/stretchr/testify v1.4.0/go.mod h1:j7eGeouHqKxXV5pUuKE4zz7dFj8WfuZ+81PSLYec5m4=
golang.org/x/crypto v0.0.0-20190308221718-c2843e01d9a2/go.mod h1:djNgcEr1/C05ACkg1iLfiJU5Ep61QUkGW8qpdssI0+w=
golang.org/x/crypto v0.0.0-20200622213623-75b288015ac9/go.mod h1:LzIPMQfyMNhhGPhUkYOs5KpL4U8rLKemX1yGLhDgUto=
golang.org/x/net v0.0.0-20190404232315-eb5bcb51f2a3/go.mod h1:t9HGtf8HONx5eT2rtn7q6eTqICYqUVnKs3thJo3Qplg=
golang.org/x/net v0.0.0-20200904194848-62affa334b73/go.mod h1:/O7V0waA8r7cgGh81Ro3o1hOxt32SMVPicZroKQ2sZA=
golang.org/x/net v0.23.0 h1:7EYJ93RZ9vYSZAIb2x3lnuvqO5zneoD6IvWjuhfxjTs=
golang.org/x/net v0.23.0/go.mod h1:JKghWKKOSdJwpW2GEx0Ja7fmaKnMsbu+MWVZTokSYmg=
golang.org/x/sys v0.0.0-20190215142949-d0b11bdaac8a/go.mod h1:STP8DvDyc/dI5b8T5hshtkjS+E42TnysNCUPdjciGhY=
golang.org/x/sys v0.0.0-20190412213103-97732733099d/go.mod h1:h1NjWce9XRLGQEsW7wpKNCjG9DtNlClVuFLEZdDNbEs=
golang.org/x/sys v0.0.0-20200323222414-85ca7c5b95cd/go.mod h1:h1NjWce9XRLGQEsW7wpKNCjG9DtNlClVuFLEZdDNbEs=
golang.org/x/sys v0.21.0 h1:rF+pYz3DAGSQAxAu1CbC7catZg4ebC4UIeIhKxBZvws=
golang.org/x/sys v0.21.0/go.mod h1:/VUhepiaJMQUp4+oa/7Zr1D23ma6VTLIYjOOTFZPUcA=
golang.org/x/term v0.18.0 h1:FcHjZXDMxI8mM3nwhX9HlKop4C0YQvCVCdwYl2wOtE8=
golang.org/x/term v0.18.0/go.mod h1:ILwASektA3OnRv7amZ1xhE/KTR+u50pbXfZ03+6Nx58=
golang.org/x/text v0.3.0/go.mod h1:NqM8EUOU14njkJ3fqMW+pc6Ldnwhi/IjpwHt7yyuwOQ=
golang.org/x/text v0.3.2/go.mod h1:bEr9sfX3Q8Zfm5fL9x+3itogRgK3+ptLWKqgva+5dAk=
golang.org/x/text v0.14.0 h1:ScX5w1eTa3QqT8oi6+ziP7dTV1S2+ALU0bI+0zXKWiQ=
golang.org/x/text v0.14.0/go.mod h1:18ZOQIKpY8NJVqYksKHtTdi31H5itFRjB5/qKTNYzSU=
golang.org/x/tools v0.0.0-20180917221912-90fa682c2a6e/go.mod h1:n7NCudcB/nEzxVGmLbDWY5pfWTLqBcC2KZ6jyYvM4mQ=
gopkg.in/check.v1 v0.0.0-20161208181325-20d25e280405/go.mod h1:Co6ibVJAznAaIkqp8huTwlJQCZ016jof/cbN4VW5Yz0=
gopkg.in/check.v1 v1.0.0-20190902080502-41f04d3bba15 h1:YR8cESwS4TdDjEe65xsg0ogRM/Nc3DYOhEAlW+xobZo=
gopkg.in/check.v1 v1.0.0-20190902080502-41f04d3bba15/go.mod h1:Co6ibVJAznAaIkqp8huTwlJQCZ016jof/cbN4VW5Yz0=
gopkg.in/yaml.v2 v2.2.2 h1:ZCJp+EgiOT7lHqUV2J862kp8Qj64Jo6az82+3Td9dZw=
gopkg.in/yaml.v2 v2.2.2/go.mod h1:hI93XBmqTisBFMUTm0b8Fm+jr3Dg1NNxqwp+5A1VGuI=
gopkg.in/yaml.v3 v3.0.1 h1:fxVm/GzAzEWqLHuvctI91KS9hhNmmWOoWu0XTYJS7CA=
gopkg.in/yaml.v3 v3.0.1/go.mod h1:K4uyk7z7BCEPqu6E+C64Yfv1cQ7kz7rIZviUmN+EgEM=
